
Microsoft Visual Studio Solution File, Format Version 12.00
# Visual Studio Version 17
VisualStudioVersion = 17.1.31911.260
MinimumVisualStudioVersion = 10.0.40219.1
Project("{9A19103F-16F7-4668-BE54-9A1E7A4F7556}") = "Sysx", "Sysx\Sysx.csproj", "{14A99093-0953-4C0F-B021-224F622B4C8F}"
EndProject
Project("{9A19103F-16F7-4668-BE54-9A1E7A4F7556}") = "Test.Sysx", "Tests\Test.Sysx\Test.Sysx.csproj", "{D77E9301-B2D0-4D59-BAC6-6E49B685DF85}"
EndProject
Project("{9A19103F-16F7-4668-BE54-9A1E7A4F7556}") = "Sysx.EntityFramework", "Sysx.EntityFramework\Sysx.EntityFramework.csproj", "{0772A2F0-9551-4562-AB5B-59E81D84FAD0}"
EndProject
Project("{9A19103F-16F7-4668-BE54-9A1E7A4F7556}") = "Test.Sysx.EntityFramework", "Tests\Test.Sysx.EntityFramework\Test.Sysx.EntityFramework.csproj", "{A069A483-9838-4AB2-B267-03E374E37784}"
EndProject
Project("{9A19103F-16F7-4668-BE54-9A1E7A4F7556}") = "Sysx.EntityFramework.SqlServer", "Sysx.EntityFramework.SqlServer\Sysx.EntityFramework.SqlServer.csproj", "{E58EEACF-5FF4-4BFA-9DE0-644943FA1C64}"
EndProject
Project("{9A19103F-16F7-4668-BE54-9A1E7A4F7556}") = "Test.Sysx.EntityFramework.SqlServer", "Tests\Test.Sysx.EntityFramework.SqlServer\Test.Sysx.EntityFramework.SqlServer.csproj", "{26F6CA45-653C-474A-8BA1-C9707FED6E4C}"
EndProject
Project("{9A19103F-16F7-4668-BE54-9A1E7A4F7556}") = "Sysx.EntityFramework.Sqlite", "Sysx.EntityFramework.Sqlite\Sysx.EntityFramework.Sqlite.csproj", "{48C54808-2BA7-4B54-BA67-5717E445A8BC}"
EndProject
Project("{9A19103F-16F7-4668-BE54-9A1E7A4F7556}") = "Test.Sysx.EntityFramework.Sqlite", "Tests\Test.Sysx.EntityFramework.Sqlite\Test.Sysx.EntityFramework.Sqlite.csproj", "{603ED2E8-D927-4D00-979C-C3EDEDC90D84}"
EndProject
Project("{9A19103F-16F7-4668-BE54-9A1E7A4F7556}") = "Sysx.Text.Json", "Sysx.Text.Json\Sysx.Text.Json.csproj", "{5A0B0A33-6262-4601-A328-C1E4FA035A71}"
EndProject
Project("{FAE04EC0-301F-11D3-BF4B-00C04F79EFBC}") = "Test.Sysx.Text.Json", "Tests\Test.Sysx.Text.Json\Test.Sysx.Text.Json.csproj", "{74103951-2801-4FDC-BC99-3B1449C0D4B5}"
EndProject
Project("{9A19103F-16F7-4668-BE54-9A1E7A4F7556}") = "TestParent", "Tests\TestData\TestParent\TestParent.csproj", "{C6DE4C38-36C5-4601-ABB9-F4D86062867E}"
EndProject
Project("{9A19103F-16F7-4668-BE54-9A1E7A4F7556}") = "TestChild", "Tests\TestData\TestChild\TestChild.csproj", "{A3776B1E-974B-412B-9885-4DBE5D8327DD}"
EndProject
Project("{9A19103F-16F7-4668-BE54-9A1E7A4F7556}") = "TestGrandchild", "Tests\TestData\TestGrandchild\TestGrandchild.csproj", "{0D372239-10EF-44D3-9249-CD26184C6395}"
EndProject
Project("{2150E333-8FDC-42A3-9474-1A3956D46DE8}") = "Tests", "Tests", "{80D82C41-AC0D-4CB4-BBFD-F21533788ACC}"
EndProject
Project("{2150E333-8FDC-42A3-9474-1A3956D46DE8}") = "TestData", "TestData", "{B38181B6-7DE5-47F5-B154-3D7048999903}"
EndProject
Project("{9A19103F-16F7-4668-BE54-9A1E7A4F7556}") = "Examples", "Examples\Examples.csproj", "{1D3EEF6B-8582-41D6-A946-45CB81604E50}"
EndProject
Project("{2150E333-8FDC-42A3-9474-1A3956D46DE8}") = "Common", "Common", "{E37F8A1F-55EB-4DC9-8110-DED170267CCF}"
	ProjectSection(SolutionItems) = preProject
		Common\Assertions.targets = Common\Assertions.targets
		Common\General.targets = Common\General.targets
		Common\NugetPack.targets = Common\NugetPack.targets
		Common\TextTemplating.targets = Common\TextTemplating.targets
		Common\XUnit.targets = Common\XUnit.targets
	EndProjectSection
EndProject
Global
	GlobalSection(SolutionConfigurationPlatforms) = preSolution
		Debug|Any CPU = Debug|Any CPU
		Release|Any CPU = Release|Any CPU
	EndGlobalSection
	GlobalSection(ProjectConfigurationPlatforms) = postSolution
		{14A99093-0953-4C0F-B021-224F622B4C8F}.Debug|Any CPU.ActiveCfg = Debug|Any CPU
		{14A99093-0953-4C0F-B021-224F622B4C8F}.Debug|Any CPU.Build.0 = Debug|Any CPU
		{14A99093-0953-4C0F-B021-224F622B4C8F}.Release|Any CPU.ActiveCfg = Release|Any CPU
		{14A99093-0953-4C0F-B021-224F622B4C8F}.Release|Any CPU.Build.0 = Release|Any CPU
		{D77E9301-B2D0-4D59-BAC6-6E49B685DF85}.Debug|Any CPU.ActiveCfg = Debug|Any CPU
		{D77E9301-B2D0-4D59-BAC6-6E49B685DF85}.Debug|Any CPU.Build.0 = Debug|Any CPU
		{D77E9301-B2D0-4D59-BAC6-6E49B685DF85}.Release|Any CPU.ActiveCfg = Release|Any CPU
		{D77E9301-B2D0-4D59-BAC6-6E49B685DF85}.Release|Any CPU.Build.0 = Release|Any CPU
		{0772A2F0-9551-4562-AB5B-59E81D84FAD0}.Debug|Any CPU.ActiveCfg = Debug|Any CPU
		{0772A2F0-9551-4562-AB5B-59E81D84FAD0}.Debug|Any CPU.Build.0 = Debug|Any CPU
		{0772A2F0-9551-4562-AB5B-59E81D84FAD0}.Release|Any CPU.ActiveCfg = Release|Any CPU
		{0772A2F0-9551-4562-AB5B-59E81D84FAD0}.Release|Any CPU.Build.0 = Release|Any CPU
		{A069A483-9838-4AB2-B267-03E374E37784}.Debug|Any CPU.ActiveCfg = Debug|Any CPU
		{A069A483-9838-4AB2-B267-03E374E37784}.Debug|Any CPU.Build.0 = Debug|Any CPU
		{A069A483-9838-4AB2-B267-03E374E37784}.Release|Any CPU.ActiveCfg = Release|Any CPU
		{A069A483-9838-4AB2-B267-03E374E37784}.Release|Any CPU.Build.0 = Release|Any CPU
		{E58EEACF-5FF4-4BFA-9DE0-644943FA1C64}.Debug|Any CPU.ActiveCfg = Debug|Any CPU
		{E58EEACF-5FF4-4BFA-9DE0-644943FA1C64}.Debug|Any CPU.Build.0 = Debug|Any CPU
		{E58EEACF-5FF4-4BFA-9DE0-644943FA1C64}.Release|Any CPU.ActiveCfg = Release|Any CPU
		{E58EEACF-5FF4-4BFA-9DE0-644943FA1C64}.Release|Any CPU.Build.0 = Release|Any CPU
		{26F6CA45-653C-474A-8BA1-C9707FED6E4C}.Debug|Any CPU.ActiveCfg = Debug|Any CPU
		{26F6CA45-653C-474A-8BA1-C9707FED6E4C}.Debug|Any CPU.Build.0 = Debug|Any CPU
		{26F6CA45-653C-474A-8BA1-C9707FED6E4C}.Release|Any CPU.ActiveCfg = Release|Any CPU
		{26F6CA45-653C-474A-8BA1-C9707FED6E4C}.Release|Any CPU.Build.0 = Release|Any CPU
		{48C54808-2BA7-4B54-BA67-5717E445A8BC}.Debug|Any CPU.ActiveCfg = Debug|Any CPU
		{48C54808-2BA7-4B54-BA67-5717E445A8BC}.Debug|Any CPU.Build.0 = Debug|Any CPU
		{48C54808-2BA7-4B54-BA67-5717E445A8BC}.Release|Any CPU.ActiveCfg = Release|Any CPU
		{48C54808-2BA7-4B54-BA67-5717E445A8BC}.Release|Any CPU.Build.0 = Release|Any CPU
		{603ED2E8-D927-4D00-979C-C3EDEDC90D84}.Debug|Any CPU.ActiveCfg = Debug|Any CPU
		{603ED2E8-D927-4D00-979C-C3EDEDC90D84}.Debug|Any CPU.Build.0 = Debug|Any CPU
		{603ED2E8-D927-4D00-979C-C3EDEDC90D84}.Release|Any CPU.ActiveCfg = Release|Any CPU
		{603ED2E8-D927-4D00-979C-C3EDEDC90D84}.Release|Any CPU.Build.0 = Release|Any CPU
		{5A0B0A33-6262-4601-A328-C1E4FA035A71}.Debug|Any CPU.ActiveCfg = Debug|Any CPU
		{5A0B0A33-6262-4601-A328-C1E4FA035A71}.Debug|Any CPU.Build.0 = Debug|Any CPU
		{5A0B0A33-6262-4601-A328-C1E4FA035A71}.Release|Any CPU.ActiveCfg = Release|Any CPU
		{5A0B0A33-6262-4601-A328-C1E4FA035A71}.Release|Any CPU.Build.0 = Release|Any CPU
		{74103951-2801-4FDC-BC99-3B1449C0D4B5}.Debug|Any CPU.ActiveCfg = Debug|Any CPU
		{74103951-2801-4FDC-BC99-3B1449C0D4B5}.Debug|Any CPU.Build.0 = Debug|Any CPU
		{74103951-2801-4FDC-BC99-3B1449C0D4B5}.Release|Any CPU.ActiveCfg = Release|Any CPU
		{74103951-2801-4FDC-BC99-3B1449C0D4B5}.Release|Any CPU.Build.0 = Release|Any CPU
		{C6DE4C38-36C5-4601-ABB9-F4D86062867E}.Debug|Any CPU.ActiveCfg = Debug|Any CPU
		{C6DE4C38-36C5-4601-ABB9-F4D86062867E}.Debug|Any CPU.Build.0 = Debug|Any CPU
		{C6DE4C38-36C5-4601-ABB9-F4D86062867E}.Release|Any CPU.ActiveCfg = Release|Any CPU
		{C6DE4C38-36C5-4601-ABB9-F4D86062867E}.Release|Any CPU.Build.0 = Release|Any CPU
		{A3776B1E-974B-412B-9885-4DBE5D8327DD}.Debug|Any CPU.ActiveCfg = Debug|Any CPU
		{A3776B1E-974B-412B-9885-4DBE5D8327DD}.Debug|Any CPU.Build.0 = Debug|Any CPU
		{A3776B1E-974B-412B-9885-4DBE5D8327DD}.Release|Any CPU.ActiveCfg = Release|Any CPU
		{A3776B1E-974B-412B-9885-4DBE5D8327DD}.Release|Any CPU.Build.0 = Release|Any CPU
		{0D372239-10EF-44D3-9249-CD26184C6395}.Debug|Any CPU.ActiveCfg = Debug|Any CPU
		{0D372239-10EF-44D3-9249-CD26184C6395}.Debug|Any CPU.Build.0 = Debug|Any CPU
		{0D372239-10EF-44D3-9249-CD26184C6395}.Release|Any CPU.ActiveCfg = Release|Any CPU
		{0D372239-10EF-44D3-9249-CD26184C6395}.Release|Any CPU.Build.0 = Release|Any CPU
		{1D3EEF6B-8582-41D6-A946-45CB81604E50}.Debug|Any CPU.ActiveCfg = Debug|Any CPU
		{1D3EEF6B-8582-41D6-A946-45CB81604E50}.Debug|Any CPU.Build.0 = Debug|Any CPU
		{1D3EEF6B-8582-41D6-A946-45CB81604E50}.Release|Any CPU.ActiveCfg = Release|Any CPU
		{1D3EEF6B-8582-41D6-A946-45CB81604E50}.Release|Any CPU.Build.0 = Release|Any CPU
	EndGlobalSection
	GlobalSection(SolutionProperties) = preSolution
		HideSolutionNode = FALSE
	EndGlobalSection
	GlobalSection(NestedProjects) = preSolution
		{D77E9301-B2D0-4D59-BAC6-6E49B685DF85} = {80D82C41-AC0D-4CB4-BBFD-F21533788ACC}
		{A069A483-9838-4AB2-B267-03E374E37784} = {80D82C41-AC0D-4CB4-BBFD-F21533788ACC}
		{26F6CA45-653C-474A-8BA1-C9707FED6E4C} = {80D82C41-AC0D-4CB4-BBFD-F21533788ACC}
		{603ED2E8-D927-4D00-979C-C3EDEDC90D84} = {80D82C41-AC0D-4CB4-BBFD-F21533788ACC}
		{C6DE4C38-36C5-4601-ABB9-F4D86062867E} = {B38181B6-7DE5-47F5-B154-3D7048999903}
		{A3776B1E-974B-412B-9885-4DBE5D8327DD} = {B38181B6-7DE5-47F5-B154-3D7048999903}
		{0D372239-10EF-44D3-9249-CD26184C6395} = {B38181B6-7DE5-47F5-B154-3D7048999903}
		{B38181B6-7DE5-47F5-B154-3D7048999903} = {80D82C41-AC0D-4CB4-BBFD-F21533788ACC}
		{74103951-2801-4FDC-BC99-3B1449C0D4B5} = {80D82C41-AC0D-4CB4-BBFD-F21533788ACC}
	EndGlobalSection
	GlobalSection(ExtensibilityGlobals) = postSolution
		SolutionGuid = {6D556B0F-2ED4-4681-A575-F7955D525698}
	EndGlobalSection
EndGlobal
